
Microsoft Visual Studio Solution File, Format Version 12.00
# Visual Studio Version 16
VisualStudioVersion = 16.0.31729.503
MinimumVisualStudioVersion = 10.0.40219.1
Project("{FAE04EC0-301F-11D3-BF4B-00C04F79EFBC}") = "MaSTK Lite", "MaSTK Lite.csproj", "{1ABEE46C-A70A-445C-801E-DAD7909D0631}"
EndProject
Global
	GlobalSection(SolutionConfigurationPlatforms) = preSolution
		Debug|Any CPU = Debug|Any CPU
		Release|Any CPU = Release|Any CPU
	EndGlobalSection
	GlobalSection(ProjectConfigurationPlatforms) = postSolution
		{1ABEE46C-A70A-445C-801E-DAD7909D0631}.Debug|Any CPU.ActiveCfg = Debug|Any CPU
		{1ABEE46C-A70A-445C-801E-DAD7909D0631}.Debug|Any CPU.Build.0 = Debug|Any CPU
		{1ABEE46C-A70A-445C-801E-DAD7909D0631}.Release|Any CPU.ActiveCfg = Release|Any CPU
		{1ABEE46C-A70A-445C-801E-DAD7909D0631}.Release|Any CPU.Build.0 = Release|Any CPU
	EndGlobalSection
	GlobalSection(SolutionProperties) = preSolution
		HideSolutionNode = FALSE
	EndGlobalSection
	GlobalSection(ExtensibilityGlobals) = postSolution
		SolutionGuid = {3ADC3686-81A4-4A77-99E1-FA8A00D6D91C}
	EndGlobalSection
EndGlobal
